// !$*UTF8*$!
{
	archiveVersion = 1;
	classes = {
	};
	objectVersion = 46;
	objects = {

/* Begin PBXBuildFile section */
		6B8057961C439327006D936E /* main.m in Sources */ = {isa = PBXBuildFile; fileRef = 6B8057951C439327006D936E /* main.m */; };
		6B8057991C439327006D936E /* AppDelegate.m in Sources */ = {isa = PBXBuildFile; fileRef = 6B8057981C439327006D936E /* AppDelegate.m */; };
		6B80579C1C439327006D936E /* ViewController.m in Sources */ = {isa = PBXBuildFile; fileRef = 6B80579B1C439327006D936E /* ViewController.m */; };
		6B80579F1C439327006D936E /* Main.storyboard in Resources */ = {isa = PBXBuildFile; fileRef = 6B80579D1C439327006D936E /* Main.storyboard */; };
		6B8057A11C439327006D936E /* Assets.xcassets in Resources */ = {isa = PBXBuildFile; fileRef = 6B8057A01C439327006D936E /* Assets.xcassets */; };
		6B8057A41C439327006D936E /* LaunchScreen.storyboard in Resources */ = {isa = PBXBuildFile; fileRef = 6B8057A21C439327006D936E /* LaunchScreen.storyboard */; };
		6B8057AF1C439327006D936E /* QSRatingStarViewTests.m in Sources */ = {isa = PBXBuildFile; fileRef = 6B8057AE1C439327006D936E /* QSRatingStarViewTests.m */; };
		6B8057BC1C439346006D936E /* QSRatingView.m in Sources */ = {isa = PBXBuildFile; fileRef = 6B8057BB1C439346006D936E /* QSRatingView.m */; };
		6B8057BF1C439449006D936E /* b27_icon_star_yellow@2x.png in Resources */ = {isa = PBXBuildFile; fileRef = 6B8057BD1C439449006D936E /* b27_icon_star_yellow@2x.png */; };
		6B8057C01C439449006D936E /* b27_icon_star_gray@2x.png in Resources */ = {isa = PBXBuildFile; fileRef = 6B8057BE1C439449006D936E /* b27_icon_star_gray@2x.png */; };
/* End PBXBuildFile section */

/* Begin PBXContainerItemProxy section */
		6B8057AB1C439327006D936E /* PBXContainerItemProxy */ = {
			isa = PBXContainerItemProxy;
			containerPortal = 6B8057891C439327006D936E /* Project object */;
			proxyType = 1;
			remoteGlobalIDString = 6B8057901C439327006D936E;
			remoteInfo = QSRatingStarView;
		};
/* End PBXContainerItemProxy section */

/* Begin PBXFileReference section */
		6B8057911C439327006D936E /* QSRatingStarView.app */ = {isa = PBXFileReference; explicitFileType = wrapper.application; includeInIndex = 0; path = QSRatingStarView.app; sourceTree = BUILT_PRODUCTS_DIR; };
		6B8057951C439327006D936E /* main.m */ = {isa = PBXFileReference; lastKnownFileType = sourcecode.c.objc; path = main.m; sourceTree = "<group>"; };
		6B8057971C439327006D936E /* AppDelegate.h */ = {isa = PBXFileReference; lastKnownFileType = sourcecode.c.h; path = AppDelegate.h; sourceTree = "<group>"; };
		6B8057981C439327006D936E /* AppDelegate.m */ = {isa = PBXFileReference; lastKnownFileType = sourcecode.c.objc; path = AppDelegate.m; sourceTree = "<group>"; };
		6B80579A1C439327006D936E /* ViewController.h */ = {isa = PBXFileReference; lastKnownFileType = sourcecode.c.h; path = ViewController.h; sourceTree = "<group>"; };
		6B80579B1C439327006D936E /* ViewController.m */ = {isa = PBXFileReference; lastKnownFileType = sourcecode.c.objc; path = ViewController.m; sourceTree = "<group>"; };
		6B80579E1C439327006D936E /* Base */ = {isa = PBXFileReference; lastKnownFileType = file.storyboard; name = Base; path = Base.lproj/Main.storyboard; sourceTree = "<group>"; };
		6B8057A01C439327006D936E /* Assets.xcassets */ = {isa = PBXFileReference; lastKnownFileType = folder.assetcatalog; path = Assets.xcassets; sourceTree = "<group>"; };
		6B8057A31C439327006D936E /* Base */ = {isa = PBXFileReference; lastKnownFileType = file.storyboard; name = Base; path = Base.lproj/LaunchScreen.storyboard; sourceTree = "<group>"; };
		6B8057A51C439327006D936E /* Info.plist */ = {isa = PBXFileReference; lastKnownFileType = text.plist.xml; path = Info.plist; sourceTree = "<group>"; };
		6B8057AA1C439327006D936E /* QSRatingStarViewTests.xctest */ = {isa = PBXFileReference; explicitFileType = wrapper.cfbundle; includeInIndex = 0; path = QSRatingStarViewTests.xctest; sourceTree = BUILT_PRODUCTS_DIR; };
		6B8057AE1C439327006D936E /* QSRatingStarViewTests.m */ = {isa = PBXFileReference; lastKnownFileType = sourcecode.c.objc; path = QSRatingStarViewTests.m; sourceTree = "<group>"; };
		6B8057B01C439327006D936E /* Info.plist */ = {isa = PBXFileReference; lastKnownFileType = text.plist.xml; path = Info.plist; sourceTree = "<group>"; };
		6B8057BA1C439346006D936E /* QSRatingView.h */ = {isa = PBXFileReference; fileEncoding = 4; lastKnownFileType = sourcecode.c.h; path = QSRatingView.h; sourceTree = "<group>"; };
		6B8057BB1C439346006D936E /* QSRatingView.m */ = {isa = PBXFileReference; fileEncoding = 4; lastKnownFileType = sourcecode.c.objc; path = QSRatingView.m; sourceTree = "<group>"; };
		6B8057BD1C439449006D936E /* b27_icon_star_yellow@2x.png */ = {isa = PBXFileReference; lastKnownFileType = image.png; path = "b27_icon_star_yellow@2x.png"; sourceTree = "<group>"; };
		6B8057BE1C439449006D936E /* b27_icon_star_gray@2x.png */ = {isa = PBXFileReference; lastKnownFileType = image.png; path = "b27_icon_star_gray@2x.png"; sourceTree = "<group>"; };
/* End PBXFileReference section */

/* Begin PBXFrameworksBuildPhase section */
		6B80578E1C439327006D936E /* Frameworks */ = {
			isa = PBXFrameworksBuildPhase;
			buildActionMask = 2147483647;
			files = (
			);
			runOnlyForDeploymentPostprocessing = 0;
		};
		6B8057A71C439327006D936E /* Frameworks */ = {
			isa = PBXFrameworksBuildPhase;
			buildActionMask = 2147483647;
			files = (
			);
			runOnlyForDeploymentPostprocessing = 0;
		};
/* End PBXFrameworksBuildPhase section */

/* Begin PBXGroup section */
		6B8057881C439327006D936E = {
			isa = PBXGroup;
			children = (
				6B8057931C439327006D936E /* QSRatingStarView */,
				6B8057AD1C439327006D936E /* QSRatingStarViewTests */,
				6B8057921C439327006D936E /* Products */,
			);
			sourceTree = "<group>";
		};
		6B8057921C439327006D936E /* Products */ = {
			isa = PBXGroup;
			children = (
				6B8057911C439327006D936E /* QSRatingStarView.app */,
				6B8057AA1C439327006D936E /* QSRatingStarViewTests.xctest */,
			);
			name = Products;
			sourceTree = "<group>";
		};
		6B8057931C439327006D936E /* QSRatingStarView */ = {
			isa = PBXGroup;
			children = (
				6B8057B91C439339006D936E /* RatingView */,
				6B8057971C439327006D936E /* AppDelegate.h */,
				6B8057981C439327006D936E /* AppDelegate.m */,
				6B80579A1C439327006D936E /* ViewController.h */,
				6B80579B1C439327006D936E /* ViewController.m */,
				6B80579D1C439327006D936E /* Main.storyboard */,
				6B8057A01C439327006D936E /* Assets.xcassets */,
				6B8057A21C439327006D936E /* LaunchScreen.storyboard */,
				6B8057A51C439327006D936E /* Info.plist */,
				6B8057941C439327006D936E /* Supporting Files */,
			);
			path = QSRatingStarView;
			sourceTree = "<group>";
		};
		6B8057941C439327006D936E /* Supporting Files */ = {
			isa = PBXGroup;
			children = (
				6B8057951C439327006D936E /* main.m */,
			);
			name = "Supporting Files";
			sourceTree = "<group>";
		};
		6B8057AD1C439327006D936E /* QSRatingStarViewTests */ = {
			isa = PBXGroup;
			children = (
				6B8057AE1C439327006D936E /* QSRatingStarViewTests.m */,
				6B8057B01C439327006D936E /* Info.plist */,
			);
			path = QSRatingStarViewTests;
			sourceTree = "<group>";
		};
		6B8057B91C439339006D936E /* RatingView */ = {
			isa = PBXGroup;
			children = (
				6B8057BD1C439449006D936E /* b27_icon_star_yellow@2x.png */,
				6B8057BE1C439449006D936E /* b27_icon_star_gray@2x.png */,
				6B8057BA1C439346006D936E /* QSRatingView.h */,
				6B8057BB1C439346006D936E /* QSRatingView.m */,
			);
			path = RatingView;
			sourceTree = "<group>";
		};
/* End PBXGroup section */

/* Begin PBXNativeTarget section */
		6B8057901C439327006D936E /* QSRatingStarView */ = {
			isa = PBXNativeTarget;
			buildConfigurationList = 6B8057B31C439327006D936E /* Build configuration list for PBXNativeTarget "QSRatingStarView" */;
			buildPhases = (
				6B80578D1C439327006D936E /* Sources */,
				6B80578E1C439327006D936E /* Frameworks */,
				6B80578F1C439327006D936E /* Resources */,
			);
			buildRules = (
			);
			dependencies = (
			);
			name = QSRatingStarView;
			productName = QSRatingStarView;
			productReference = 6B8057911C439327006D936E /* QSRatingStarView.app */;
			productType = "com.apple.product-type.application";
		};
		6B8057A91C439327006D936E /* QSRatingStarViewTests */ = {
			isa = PBXNativeTarget;
			buildConfigurationList = 6B8057B61C439327006D936E /* Build configuration list for PBXNativeTarget "QSRatingStarViewTests" */;
			buildPhases = (
				6B8057A61C439327006D936E /* Sources */,
				6B8057A71C439327006D936E /* Frameworks */,
				6B8057A81C439327006D936E /* Resources */,
			);
			buildRules = (
			);
			dependencies = (
				6B8057AC1C439327006D936E /* PBXTargetDependency */,
			);
			name = QSRatingStarViewTests;
			productName = QSRatingStarViewTests;
			productReference = 6B8057AA1C439327006D936E /* QSRatingStarViewTests.xctest */;
			productType = "com.apple.product-type.bundle.unit-test";
		};
/* End PBXNativeTarget section */

/* Begin PBXProject section */
		6B8057891C439327006D936E /* Project object */ = {
			isa = PBXProject;
			attributes = {
				LastUpgradeCheck = 0710;
				ORGANIZATIONNAME = qizhijian;
				TargetAttributes = {
					6B8057901C439327006D936E = {
						CreatedOnToolsVersion = 7.1.1;
					};
					6B8057A91C439327006D936E = {
						CreatedOnToolsVersion = 7.1.1;
						TestTargetID = 6B8057901C439327006D936E;
					};
				};
			};
			buildConfigurationList = 6B80578C1C439327006D936E /* Build configuration list for PBXProject "QSRatingStarView" */;
			compatibilityVersion = "Xcode 3.2";
			developmentRegion = English;
			hasScannedForEncodings = 0;
			knownRegions = (
				en,
				Base,
			);
			mainGroup = 6B8057881C439327006D936E;
			productRefGroup = 6B8057921C439327006D936E /* Products */;
			projectDirPath = "";
			projectRoot = "";
			targets = (
				6B8057901C439327006D936E /* QSRatingStarView */,
				6B8057A91C439327006D936E /* QSRatingStarViewTests */,
			);
		};
/* End PBXProject section */

/* Begin PBXResourcesBuildPhase section */
		6B80578F1C439327006D936E /* Resources */ = {
			isa = PBXResourcesBuildPhase;
			buildActionMask = 2147483647;
			files = (
				6B8057A41C439327006D936E /* LaunchScreen.storyboard in Resources */,
				6B8057A11C439327006D936E /* Assets.xcassets in Resources */,
				6B8057C01C439449006D936E /* b27_icon_star_gray@2x.png in Resources */,
				6B80579F1C439327006D936E /* Main.storyboard in Resources */,
				6B8057BF1C439449006D936E /* b27_icon_star_yellow@2x.png in Resources */,
			);
			runOnlyForDeploymentPostprocessing = 0;
		};
		6B8057A81C439327006D936E /* Resources */ = {
			isa = PBXResourcesBuildPhase;
			buildActionMask = 2147483647;
			files = (
			);
			runOnlyForDeploymentPostprocessing = 0;
		};
/* End PBXResourcesBuildPhase section */

/* Begin PBXSourcesBuildPhase section */
		6B80578D1C439327006D936E /* Sources */ = {
			isa = PBXSourcesBuildPhase;
			buildActionMask = 2147483647;
			files = (
				6B80579C1C439327006D936E /* ViewController.m in Sources */,
				6B8057BC1C439346006D936E /* QSRatingView.m in Sources */,
				6B8057991C439327006D936E /* AppDelegate.m in Sources */,
				6B8057961C439327006D936E /* main.m in Sources */,
			);
			runOnlyForDeploymentPostprocessing = 0;
		};
		6B8057A61C439327006D936E /* Sources */ = {
			isa = PBXSourcesBuildPhase;
			buildActionMask = 2147483647;
			files = (
				6B8057AF1C439327006D936E /* QSRatingStarViewTests.m in Sources */,
			);
			runOnlyForDeploymentPostprocessing = 0;
		};
/* End PBXSourcesBuildPhase section */

/* Begin PBXTargetDependency section */
		6B8057AC1C439327006D936E /* PBXTargetDependency */ = {
			isa = PBXTargetDependency;
			target = 6B8057901C439327006D936E /* QSRatingStarView */;
			targetProxy = 6B8057AB1C439327006D936E /* PBXContainerItemProxy */;
		};
/* End PBXTargetDependency section */

/* Begin PBXVariantGroup section */
		6B80579D1C439327006D936E /* Main.storyboard */ = {
			isa = PBXVariantGroup;
			children = (
				6B80579E1C439327006D936E /* Base */,
			);
			name = Main.storyboard;
			sourceTree = "<group>";
		};
		6B8057A21C439327006D936E /* LaunchScreen.storyboard */ = {
			isa = PBXVariantGroup;
			children = (
				6B8057A31C439327006D936E /* Base */,
			);
			name = LaunchScreen.storyboard;
			sourceTree = "<group>";
		};
/* End PBXVariantGroup section */

/* Begin XCBuildConfiguration section */
		6B8057B11C439327006D936E /* Debug */ = {
			isa = XCBuildConfiguration;
			buildSettings = {
				ALWAYS_SEARCH_USER_PATHS = NO;
				CLANG_CXX_LANGUAGE_STANDARD = "gnu++0x";
				CLANG_CXX_LIBRARY = "libc++";
				CLANG_ENABLE_MODULES = YES;
				CLANG_ENABLE_OBJC_ARC = YES;
				CLANG_WARN_BOOL_CONVERSION = YES;
				CLANG_WARN_CONSTANT_CONVERSION = YES;
				CLANG_WARN_DIRECT_OBJC_ISA_USAGE = YES_ERROR;
				CLANG_WARN_EMPTY_BODY = YES;
				CLANG_WARN_ENUM_CONVERSION = YES;
				CLANG_WARN_INT_CONVERSION = YES;
				CLANG_WARN_OBJC_ROOT_CLASS = YES_ERROR;
				CLANG_WARN_UNREACHABLE_CODE = YES;
				CLANG_WARN__DUPLICATE_METHOD_MATCH = YES;
				"CODE_SIGN_IDENTITY[sdk=iphoneos*]" = "iPhone Developer";
				COPY_PHASE_STRIP = NO;
				DEBUG_INFORMATION_FORMAT = dwarf;
				ENABLE_STRICT_OBJC_MSGSEND = YES;
				ENABLE_TESTABILITY = YES;
				GCC_C_LANGUAGE_STANDARD = gnu99;
				GCC_DYNAMIC_NO_PIC = NO;
				GCC_NO_COMMON_BLOCKS = YES;
				GCC_OPTIMIZATION_LEVEL = 0;
				GCC_PREPROCESSOR_DEFINITIONS = (
					"DEBUG=1",
					"$(inherited)",
				);
				GCC_WARN_64_TO_32_BIT_CONVERSION = YES;
				GCC_WARN_ABOUT_RETURN_TYPE = YES_ERROR;
				GCC_WARN_UNDECLARED_SELECTOR = YES;
				GCC_WARN_UNINITIALIZED_AUTOS = YES_AGGRESSIVE;
				GCC_WARN_UNUSED_FUNCTION = YES;
				GCC_WARN_UNUSED_VARIABLE = YES;
				IPHONEOS_DEPLOYMENT_TARGET = 9.1;
				MTL_ENABLE_DEBUG_INFO = YES;
				ONLY_ACTIVE_ARCH = YES;
				SDKROOT = iphoneos;
			};
			name = Debug;
		};
		6B8057B21C439327006D936E /* Release */ = {
			isa = XCBuildConfiguration;
			buildSettings = {
				ALWAYS_SEARCH_USER_PATHS = NO;
				CLANG_CXX_LANGUAGE_STANDARD = "gnu++0x";
				CLANG_CXX_LIBRARY = "libc++";
				CLANG_ENABLE_MODULES = YES;
				CLANG_ENABLE_OBJC_ARC = YES;
				CLANG_WARN_BOOL_CONVERSION = YES;
				CLANG_WARN_CONSTANT_CONVERSION = YES;
				CLANG_WARN_DIRECT_OBJC_ISA_USAGE = YES_ERROR;
				CLANG_WARN_EMPTY_BODY = YES;
				CLANG_WARN_ENUM_CONVERSION = YES;
				CLANG_WARN_INT_CONVERSION = YES;
				CLANG_WARN_OBJC_ROOT_CLASS = YES_ERROR;
				CLANG_WARN_UNREACHABLE_CODE = YES;
				CLANG_WARN__DUPLICATE_METHOD_MATCH = YES;
				"CODE_SIGN_IDENTITY[sdk=iphoneos*]" = "iPhone Developer";
				COPY_PHASE_STRIP = NO;
				DEBUG_INFORMATION_FORMAT = "dwarf-with-dsym";
				ENABLE_NS_ASSERTIONS = NO;
				ENABLE_STRICT_OBJC_MSGSEND = YES;
				GCC_C_LANGUAGE_STANDARD = gnu99;
				GCC_NO_COMMON_BLOCKS = YES;
				GCC_WARN_64_TO_32_BIT_CONVERSION = YES;
				GCC_WARN_ABOUT_RETURN_TYPE = YES_ERROR;
				GCC_WARN_UNDECLARED_SELECTOR = YES;
				GCC_WARN_UNINITIALIZED_AUTOS = YES_AGGRESSIVE;
				GCC_WARN_UNUSED_FUNCTION = YES;
				GCC_WARN_UNUSED_VARIABLE = YES;
				IPHONEOS_DEPLOYMENT_TARGET = 9.1;
				MTL_ENABLE_DEBUG_INFO = NO;
				SDKROOT = iphoneos;
				VALIDATE_PRODUCT = YES;
			};
			name = Release;
		};
		6B8057B41C439327006D936E /* Debug */ = {
			isa = XCBuildConfiguration;
			buildSettings = {
				ASSETCATALOG_COMPILER_APPICON_NAME = AppIcon;
				INFOPLIST_FILE = QSRatingStarView/Info.plist;
				LD_RUNPATH_SEARCH_PATHS = "$(inherited) @executable_path/Frameworks";
				PRODUCT_BUNDLE_IDENTIFIER = com.qizhijian.QSRatingStarView;
				PRODUCT_NAME = "$(TARGET_NAME)";
			};
			name = Debug;
		};
		6B8057B51C439327006D936E /* Release */ = {
			isa = XCBuildConfiguration;
			buildSettings = {
				ASSETCATALOG_COMPILER_APPICON_NAME = AppIcon;
				INFOPLIST_FILE = QSRatingStarView/Info.plist;
				LD_RUNPATH_SEARCH_PATHS = "$(inherited) @executable_path/Frameworks";
				PRODUCT_BUNDLE_IDENTIFIER = com.qizhijian.QSRatingStarView;
				PRODUCT_NAME = "$(TARGET_NAME)";
			};
			name = Release;
		};
		6B8057B71C439327006D936E /* Debug */ = {
			isa = XCBuildConfiguration;
			buildSettings = {
				BUNDLE_LOADER = "$(TEST_HOST)";
				INFOPLIST_FILE = QSRatingStarViewTests/Info.plist;
				LD_RUNPATH_SEARCH_PATHS = "$(inherited) @executable_path/Frameworks @loader_path/Frameworks";
				PRODUCT_BUNDLE_IDENTIFIER = com.qizhijian.QSRatingStarViewTests;
				PRODUCT_NAME = "$(TARGET_NAME)";
				TEST_HOST = "$(BUILT_PRODUCTS_DIR)/QSRatingStarView.app/QSRatingStarView";
			};
			name = Debug;
		};
		6B8057B81C439327006D936E /* Release */ = {
			isa = XCBuildConfiguration;
			buildSettings = {
				BUNDLE_LOADER = "$(TEST_HOST)";
				INFOPLIST_FILE = QSRatingStarViewTests/Info.plist;
				LD_RUNPATH_SEARCH_PATHS = "$(inherited) @executable_path/Frameworks @loader_path/Frameworks";
				PRODUCT_BUNDLE_IDENTIFIER = com.qizhijian.QSRatingStarViewTests;
				PRODUCT_NAME = "$(TARGET_NAME)";
				TEST_HOST = "$(BUILT_PRODUCTS_DIR)/QSRatingStarView.app/QSRatingStarView";
			};
			name = Release;
		};
/* End XCBuildConfiguration section */

/* Begin XCConfigurationList section */
		6B80578C1C439327006D936E /* Build configuration list for PBXProject "QSRatingStarView" */ = {
			isa = XCConfigurationList;
			buildConfigurations = (
				6B8057B11C439327006D936E /* Debug */,
				6B8057B21C439327006D936E /* Release */,
			);
			defaultConfigurationIsVisible = 0;
			defaultConfigurationName = Release;
		};
		6B8057B31C439327006D936E /* Build configuration list for PBXNativeTarget "QSRatingStarView" */ = {
			isa = XCConfigurationList;
			buildConfigurations = (
				6B8057B41C439327006D936E /* Debug */,
				6B8057B51C439327006D936E /* Release */,
			);
			defaultConfigurationIsVisible = 0;
		};
		6B8057B61C439327006D936E /* Build configuration list for PBXNativeTarget "QSRatingStarViewTests" */ = {
			isa = XCConfigurationList;
			buildConfigurations = (
				6B8057B71C439327006D936E /* Debug */,
				6B8057B81C439327006D936E /* Release */,
			);
			defaultConfigurationIsVisible = 0;
		};
/* End XCConfigurationList section */
	};
	rootObject = 6B8057891C439327006D936E /* Project object */;
}
